version: 2
timestamp: "2025-12-28T11:00:00.000Z"
driver: mysql
migration: "add_status_to_posts"
description: "Added status field to Post"
changes:
  - action: property_added
    schema: Post
    property: status
    to:
      type: String
      length: 50
  - action: schema_added
    schema: PostStatus
snapshot:
  User:
    name: User
    kind: object
    properties:
      name:
        type: String
        length: 255
      email:
        type: Email
        unique: true
    options:
      id: true
      idType: BigInt
      timestamps: true
  Post:
    name: Post
    kind: object
    properties:
      title:
        type: String
        length: 255
      content:
        type: Text
      status:
        type: String
        length: 50
    options:
      id: true
      timestamps: true
  PostStatus:
    name: PostStatus
    kind: enum
    values:
      - draft
      - published
      - archived
